
Microsoft Visual Studio Solution File, Format Version 12.00
# Visual Studio Version 16
VisualStudioVersion = 16.0.28803.352
MinimumVisualStudioVersion = 10.0.40219.1
Project("{D954291E-2A0B-460D-934E-DC6B0785DB48}") = "Kifreak.MultiThread.Shared", "Kifreak.MultiThread.Shared\Kifreak.MultiThread.Shared.shproj", "{BD40CB31-2558-42C1-802D-111CA8211D9D}"
EndProject
Project("{9A19103F-16F7-4668-BE54-9A1E7A4F7556}") = "Kifreak.MultiThread", "Kifreak.MultiThread\Kifreak.MultiThread.csproj", "{CB3C6E00-7734-453F-8818-5EEA3C458627}"
EndProject
Project("{9A19103F-16F7-4668-BE54-9A1E7A4F7556}") = "Kifreak.MultiThread.MainUnitTest", "Kifreak.MultiThread.MainUnitTest\Kifreak.MultiThread.MainUnitTest.csproj", "{81D43C61-9C46-45C9-B551-B9F6624DFA66}"
EndProject
Project("{2150E333-8FDC-42A3-9474-1A3956D46DE8}") = "Solution Items", "Solution Items", "{42CAA747-D369-426D-B2FA-3172326CF1F1}"
	ProjectSection(SolutionItems) = preProject
		.gitignore = .gitignore
		multithread.nuspec = multithread.nuspec
		Readme.md = Readme.md
	EndProjectSection
EndProject
Global
	GlobalSection(SharedMSBuildProjectFiles) = preSolution
		Kifreak.MultiThread.Shared\Kifreak.MultiThread.Shared.projitems*{bd40cb31-2558-42c1-802d-111ca8211d9d}*SharedItemsImports = 13
	EndGlobalSection
	GlobalSection(SolutionConfigurationPlatforms) = preSolution
		Debug|Any CPU = Debug|Any CPU
		Release|Any CPU = Release|Any CPU
	EndGlobalSection
	GlobalSection(ProjectConfigurationPlatforms) = postSolution
		{CB3C6E00-7734-453F-8818-5EEA3C458627}.Debug|Any CPU.ActiveCfg = Debug|Any CPU
		{CB3C6E00-7734-453F-8818-5EEA3C458627}.Debug|Any CPU.Build.0 = Debug|Any CPU
		{CB3C6E00-7734-453F-8818-5EEA3C458627}.Release|Any CPU.ActiveCfg = Release|Any CPU
		{CB3C6E00-7734-453F-8818-5EEA3C458627}.Release|Any CPU.Build.0 = Release|Any CPU
		{81D43C61-9C46-45C9-B551-B9F6624DFA66}.Debug|Any CPU.ActiveCfg = Debug|Any CPU
		{81D43C61-9C46-45C9-B551-B9F6624DFA66}.Debug|Any CPU.Build.0 = Debug|Any CPU
		{81D43C61-9C46-45C9-B551-B9F6624DFA66}.Release|Any CPU.ActiveCfg = Release|Any CPU
		{81D43C61-9C46-45C9-B551-B9F6624DFA66}.Release|Any CPU.Build.0 = Release|Any CPU
	EndGlobalSection
	GlobalSection(SolutionProperties) = preSolution
		HideSolutionNode = FALSE
	EndGlobalSection
	GlobalSection(ExtensibilityGlobals) = postSolution
		SolutionGuid = {5396520E-430A-4C6D-A7EB-000DF9175F0F}
	EndGlobalSection
EndGlobal
